
Microsoft Visual Studio Solution File, Format Version 12.00
# Visual Studio Version 16
VisualStudioVersion = 16.0.31515.178
MinimumVisualStudioVersion = 10.0.40219.1
Project("{2150E333-8FDC-42A3-9474-1A3956D46DE8}") = "Services", "Services", "{5ED366DA-EFA0-4AEB-A161-89A782D58941}"
EndProject
Project("{2150E333-8FDC-42A3-9474-1A3956D46DE8}") = "WebApp", "WebApp", "{D2229FE7-9F38-422A-852A-B2EC736B8937}"
EndProject
Project("{9A19103F-16F7-4668-BE54-9A1E7A4F7556}") = "UI", "UI\UI.csproj", "{B4221AE2-979F-4ABC-9D71-8CB27C2CADEB}"
	ProjectSection(ProjectDependencies) = postProject
		{BFB431B9-31D0-40C1-86A7-23FC643DE233} = {BFB431B9-31D0-40C1-86A7-23FC643DE233}
	EndProjectSection
EndProject
Project("{9A19103F-16F7-4668-BE54-9A1E7A4F7556}") = "StaffUI", "StaffUI\StaffUI.csproj", "{C764CF5E-6938-4A61-8C25-6AEA393DCDD4}"
	ProjectSection(ProjectDependencies) = postProject
		{BFB431B9-31D0-40C1-86A7-23FC643DE233} = {BFB431B9-31D0-40C1-86A7-23FC643DE233}
	EndProjectSection
EndProject
Project("{2150E333-8FDC-42A3-9474-1A3956D46DE8}") = "AppointmentRegistry", "AppointmentRegistry", "{89B21538-48BB-427A-8585-ACD6536A48F8}"
EndProject
Project("{9A19103F-16F7-4668-BE54-9A1E7A4F7556}") = "AR_Infrastructure", "AR_Infrastructure\AR_Infrastructure.csproj", "{E02A4B5C-97AA-4014-8AD2-5A3B3690970A}"
EndProject
Project("{9A19103F-16F7-4668-BE54-9A1E7A4F7556}") = "AR_Application", "AR_Application\AR_Application.csproj", "{F587808D-4A1A-4566-8F75-FD9CB31B2134}"
EndProject
Project("{9A19103F-16F7-4668-BE54-9A1E7A4F7556}") = "AR_Domain", "AR_Domain\AR_Domain.csproj", "{8E90FF9E-FD04-449D-8E67-B4A6E11F2E72}"
EndProject
Project("{9A19103F-16F7-4668-BE54-9A1E7A4F7556}") = "AR_API", "AR_API\AR_API.csproj", "{BFB431B9-31D0-40C1-86A7-23FC643DE233}"
	ProjectSection(ProjectDependencies) = postProject
		{E02A4B5C-97AA-4014-8AD2-5A3B3690970A} = {E02A4B5C-97AA-4014-8AD2-5A3B3690970A}
	EndProjectSection
EndProject
Global
	GlobalSection(SolutionConfigurationPlatforms) = preSolution
		Debug|Any CPU = Debug|Any CPU
		Release|Any CPU = Release|Any CPU
	EndGlobalSection
	GlobalSection(ProjectConfigurationPlatforms) = postSolution
		{B4221AE2-979F-4ABC-9D71-8CB27C2CADEB}.Debug|Any CPU.ActiveCfg = Debug|Any CPU
		{B4221AE2-979F-4ABC-9D71-8CB27C2CADEB}.Debug|Any CPU.Build.0 = Debug|Any CPU
		{B4221AE2-979F-4ABC-9D71-8CB27C2CADEB}.Release|Any CPU.ActiveCfg = Release|Any CPU
		{B4221AE2-979F-4ABC-9D71-8CB27C2CADEB}.Release|Any CPU.Build.0 = Release|Any CPU
		{C764CF5E-6938-4A61-8C25-6AEA393DCDD4}.Debug|Any CPU.ActiveCfg = Debug|Any CPU
		{C764CF5E-6938-4A61-8C25-6AEA393DCDD4}.Debug|Any CPU.Build.0 = Debug|Any CPU
		{C764CF5E-6938-4A61-8C25-6AEA393DCDD4}.Release|Any CPU.ActiveCfg = Release|Any CPU
		{C764CF5E-6938-4A61-8C25-6AEA393DCDD4}.Release|Any CPU.Build.0 = Release|Any CPU
		{E02A4B5C-97AA-4014-8AD2-5A3B3690970A}.Debug|Any CPU.ActiveCfg = Debug|Any CPU
		{E02A4B5C-97AA-4014-8AD2-5A3B3690970A}.Debug|Any CPU.Build.0 = Debug|Any CPU
		{E02A4B5C-97AA-4014-8AD2-5A3B3690970A}.Release|Any CPU.ActiveCfg = Release|Any CPU
		{E02A4B5C-97AA-4014-8AD2-5A3B3690970A}.Release|Any CPU.Build.0 = Release|Any CPU
		{F587808D-4A1A-4566-8F75-FD9CB31B2134}.Debug|Any CPU.ActiveCfg = Debug|Any CPU
		{F587808D-4A1A-4566-8F75-FD9CB31B2134}.Debug|Any CPU.Build.0 = Debug|Any CPU
		{F587808D-4A1A-4566-8F75-FD9CB31B2134}.Release|Any CPU.ActiveCfg = Release|Any CPU
		{F587808D-4A1A-4566-8F75-FD9CB31B2134}.Release|Any CPU.Build.0 = Release|Any CPU
		{8E90FF9E-FD04-449D-8E67-B4A6E11F2E72}.Debug|Any CPU.ActiveCfg = Debug|Any CPU
		{8E90FF9E-FD04-449D-8E67-B4A6E11F2E72}.Debug|Any CPU.Build.0 = Debug|Any CPU
		{8E90FF9E-FD04-449D-8E67-B4A6E11F2E72}.Release|Any CPU.ActiveCfg = Release|Any CPU
		{8E90FF9E-FD04-449D-8E67-B4A6E11F2E72}.Release|Any CPU.Build.0 = Release|Any CPU
		{BFB431B9-31D0-40C1-86A7-23FC643DE233}.Debug|Any CPU.ActiveCfg = Debug|Any CPU
		{BFB431B9-31D0-40C1-86A7-23FC643DE233}.Debug|Any CPU.Build.0 = Debug|Any CPU
		{BFB431B9-31D0-40C1-86A7-23FC643DE233}.Release|Any CPU.ActiveCfg = Release|Any CPU
		{BFB431B9-31D0-40C1-86A7-23FC643DE233}.Release|Any CPU.Build.0 = Release|Any CPU
	EndGlobalSection
	GlobalSection(SolutionProperties) = preSolution
		HideSolutionNode = FALSE
	EndGlobalSection
	GlobalSection(NestedProjects) = preSolution
		{B4221AE2-979F-4ABC-9D71-8CB27C2CADEB} = {D2229FE7-9F38-422A-852A-B2EC736B8937}
		{C764CF5E-6938-4A61-8C25-6AEA393DCDD4} = {D2229FE7-9F38-422A-852A-B2EC736B8937}
		{89B21538-48BB-427A-8585-ACD6536A48F8} = {5ED366DA-EFA0-4AEB-A161-89A782D58941}
		{E02A4B5C-97AA-4014-8AD2-5A3B3690970A} = {89B21538-48BB-427A-8585-ACD6536A48F8}
		{F587808D-4A1A-4566-8F75-FD9CB31B2134} = {89B21538-48BB-427A-8585-ACD6536A48F8}
		{8E90FF9E-FD04-449D-8E67-B4A6E11F2E72} = {89B21538-48BB-427A-8585-ACD6536A48F8}
		{BFB431B9-31D0-40C1-86A7-23FC643DE233} = {89B21538-48BB-427A-8585-ACD6536A48F8}
	EndGlobalSection
	GlobalSection(ExtensibilityGlobals) = postSolution
		SolutionGuid = {126FD805-95D9-434C-9532-11E59DD7F564}
	EndGlobalSection
EndGlobal
